{
      "name": "crm-setup-frontend",
      "lockfileVersion": 3,
      "requires": true,
      "packages": {
            "": {
                  "dependencies": {
                        "@stripe/stripe-js": "^5.5.0"
                  }
            },
            "node_modules/@stripe/stripe-js": {
                  "version": "5.5.0",
                  "resolved": "https://registry.npmjs.org/@stripe/stripe-js/-/stripe-js-5.5.0.tgz",
                  "integrity": "sha512-lkfjyAd34aeMpTKKcEVfy8IUyEsjuAT3t9EXr5yZDtdIUncnZpedl/xLV16Dkd4z+fQwixScsCCDxSMNtBOgpQ==",
                  "engines": {
                        "node": ">=12.16"
                  }
            }
      }
}
